
Microsoft Visual Studio Solution File, Format Version 12.00
# Visual Studio Version 16
VisualStudioVersion = 16.0.32106.194
MinimumVisualStudioVersion = 10.0.40219.1
Project("{FAE04EC0-301F-11D3-BF4B-00C04F79EFBC}") = "HW3", "HW3\HW3.csproj", "{A856D3D2-5856-463D-8FD7-FAFD954D7CE4}"
EndProject
Project("{FAE04EC0-301F-11D3-BF4B-00C04F79EFBC}") = "HW3_Tests", "HW3_Tests\HW3_Tests.csproj", "{11A49DE3-7A17-48C7-B915-B31DA97E79E3}"
EndProject
Global
	GlobalSection(SolutionConfigurationPlatforms) = preSolution
		Debug|Any CPU = Debug|Any CPU
		Release|Any CPU = Release|Any CPU
	EndGlobalSection
	GlobalSection(ProjectConfigurationPlatforms) = postSolution
		{A856D3D2-5856-463D-8FD7-FAFD954D7CE4}.Debug|Any CPU.ActiveCfg = Debug|Any CPU
		{A856D3D2-5856-463D-8FD7-FAFD954D7CE4}.Debug|Any CPU.Build.0 = Debug|Any CPU
		{A856D3D2-5856-463D-8FD7-FAFD954D7CE4}.Release|Any CPU.ActiveCfg = Release|Any CPU
		{A856D3D2-5856-463D-8FD7-FAFD954D7CE4}.Release|Any CPU.Build.0 = Release|Any CPU
		{11A49DE3-7A17-48C7-B915-B31DA97E79E3}.Debug|Any CPU.ActiveCfg = Debug|Any CPU
		{11A49DE3-7A17-48C7-B915-B31DA97E79E3}.Debug|Any CPU.Build.0 = Debug|Any CPU
		{11A49DE3-7A17-48C7-B915-B31DA97E79E3}.Release|Any CPU.ActiveCfg = Release|Any CPU
		{11A49DE3-7A17-48C7-B915-B31DA97E79E3}.Release|Any CPU.Build.0 = Release|Any CPU
	EndGlobalSection
	GlobalSection(SolutionProperties) = preSolution
		HideSolutionNode = FALSE
	EndGlobalSection
	GlobalSection(ExtensibilityGlobals) = postSolution
		SolutionGuid = {FFC2930C-159D-4C73-8324-7E117259C4E5}
	EndGlobalSection
EndGlobal
