
Microsoft Visual Studio Solution File, Format Version 12.00
# Visual Studio Version 16
VisualStudioVersion = 16.0.32106.194
MinimumVisualStudioVersion = 10.0.40219.1
Project("{FAE04EC0-301F-11D3-BF4B-00C04F79EFBC}") = "Spreadsheet_Manjesh_Puram", "Spreadsheet_Manjesh_Puram\Spreadsheet_Manjesh_Puram.csproj", "{7D23D1AF-B7DC-43F0-A961-67B845028D9B}"
EndProject
Project("{FAE04EC0-301F-11D3-BF4B-00C04F79EFBC}") = "Spreadsheet_Manjesh_Puram_Tests", "Spreadsheet_Manjesh_Puram_Tests\Spreadsheet_Manjesh_Puram_Tests.csproj", "{61C19973-C30D-485D-B4A5-C11D760A31DC}"
EndProject
Project("{FAE04EC0-301F-11D3-BF4B-00C04F79EFBC}") = "SpreadsheetEngine", "SpreadsheetEngine\SpreadsheetEngine.csproj", "{E6EB92F0-1026-49FA-A65E-50ABA9BA6DF9}"
EndProject
Global
	GlobalSection(SolutionConfigurationPlatforms) = preSolution
		Debug|Any CPU = Debug|Any CPU
		Release|Any CPU = Release|Any CPU
	EndGlobalSection
	GlobalSection(ProjectConfigurationPlatforms) = postSolution
		{7D23D1AF-B7DC-43F0-A961-67B845028D9B}.Debug|Any CPU.ActiveCfg = Debug|Any CPU
		{7D23D1AF-B7DC-43F0-A961-67B845028D9B}.Debug|Any CPU.Build.0 = Debug|Any CPU
		{7D23D1AF-B7DC-43F0-A961-67B845028D9B}.Release|Any CPU.ActiveCfg = Release|Any CPU
		{7D23D1AF-B7DC-43F0-A961-67B845028D9B}.Release|Any CPU.Build.0 = Release|Any CPU
		{61C19973-C30D-485D-B4A5-C11D760A31DC}.Debug|Any CPU.ActiveCfg = Debug|Any CPU
		{61C19973-C30D-485D-B4A5-C11D760A31DC}.Debug|Any CPU.Build.0 = Debug|Any CPU
		{61C19973-C30D-485D-B4A5-C11D760A31DC}.Release|Any CPU.ActiveCfg = Release|Any CPU
		{61C19973-C30D-485D-B4A5-C11D760A31DC}.Release|Any CPU.Build.0 = Release|Any CPU
		{E6EB92F0-1026-49FA-A65E-50ABA9BA6DF9}.Debug|Any CPU.ActiveCfg = Debug|Any CPU
		{E6EB92F0-1026-49FA-A65E-50ABA9BA6DF9}.Debug|Any CPU.Build.0 = Debug|Any CPU
		{E6EB92F0-1026-49FA-A65E-50ABA9BA6DF9}.Release|Any CPU.ActiveCfg = Release|Any CPU
		{E6EB92F0-1026-49FA-A65E-50ABA9BA6DF9}.Release|Any CPU.Build.0 = Release|Any CPU
	EndGlobalSection
	GlobalSection(SolutionProperties) = preSolution
		HideSolutionNode = FALSE
	EndGlobalSection
	GlobalSection(ExtensibilityGlobals) = postSolution
		SolutionGuid = {47A5447A-B8D3-4442-913A-6C6705558FCE}
	EndGlobalSection
EndGlobal
